// !$*UTF8*$!
{
	archiveVersion = 1;
	classes = {
	};
	objectVersion = 46;
	objects = {

/* Begin PBXBuildFile section */
		0365A62C1AD6F00B005A4FFB /* main.cpp in Sources */ = {isa = PBXBuildFile; fileRef = 0365A62B1AD6F00B005A4FFB /* main.cpp */; };
/* End PBXBuildFile section */

/* Begin PBXCopyFilesBuildPhase section */
		0365A6261AD6F00B005A4FFB /* CopyFiles */ = {
			isa = PBXCopyFilesBuildPhase;
			buildActionMask = 2147483647;
			dstPath = /usr/share/man/man1/;
			dstSubfolderSpec = 0;
			files = (
			);
			runOnlyForDeploymentPostprocessing = 1;
		};
/* End PBXCopyFilesBuildPhase section */

/* Begin PBXFileReference section */
		0365A6281AD6F00B005A4FFB /* URI 1099 */ = {isa = PBXFileReference; explicitFileType = "compiled.mach-o.executable"; includeInIndex = 0; path = "URI 1099"; sourceTree = BUILT_PRODUCTS_DIR; };
		0365A62B1AD6F00B005A4FFB /* main.cpp */ = {isa = PBXFileReference; lastKnownFileType = sourcecode.cpp.cpp; path = main.cpp; sourceTree = "<group>"; };
/* End PBXFileReference section */

/* Begin PBXFrameworksBuildPhase section */
		0365A6251AD6F00B005A4FFB /* Frameworks */ = {
			isa = PBXFrameworksBuildPhase;
			buildActionMask = 2147483647;
			files = (
			);
			runOnlyForDeploymentPostprocessing = 0;
		};
/* End PBXFrameworksBuildPhase section */

/* Begin PBXGroup section */
		0365A61F1AD6F00B005A4FFB = {
			isa = PBXGroup;
			children = (
				0365A62A1AD6F00B005A4FFB /* URI 1099 */,
				0365A6291AD6F00B005A4FFB /* Products */,
			);
			sourceTree = "<group>";
		};
		0365A6291AD6F00B005A4FFB /* Products */ = {
			isa = PBXGroup;
			children = (
				0365A6281AD6F00B005A4FFB /* URI 1099 */,
			);
			name = Products;
			sourceTree = "<group>";
		};
		0365A62A1AD6F00B005A4FFB /* URI 1099 */ = {
			isa = PBXGroup;
			children = (
				0365A62B1AD6F00B005A4FFB /* main.cpp */,
			);
			path = "URI 1099";
			sourceTree = "<group>";
		};
/* End PBXGroup section */

/* Begin PBXNativeTarget section */
		0365A6271AD6F00B005A4FFB /* URI 1099 */ = {
			isa = PBXNativeTarget;
			buildConfigurationList = 0365A62F1AD6F00B005A4FFB /* Build configuration list for PBXNativeTarget "URI 1099" */;
			buildPhases = (
				0365A6241AD6F00B005A4FFB /* Sources */,
				0365A6251AD6F00B005A4FFB /* Frameworks */,
				0365A6261AD6F00B005A4FFB /* CopyFiles */,
			);
			buildRules = (
			);
			dependencies = (
			);
			name = "URI 1099";
			productName = "URI 1099";
			productReference = 0365A6281AD6F00B005A4FFB /* URI 1099 */;
			productType = "com.apple.product-type.tool";
		};
/* End PBXNativeTarget section */

/* Begin PBXProject section */
		0365A6201AD6F00B005A4FFB /* Project object */ = {
			isa = PBXProject;
			attributes = {
				LastUpgradeCheck = 0610;
				ORGANIZATIONNAME = "Shawon Ashraf";
				TargetAttributes = {
					0365A6271AD6F00B005A4FFB = {
						CreatedOnToolsVersion = 6.1.1;
					};
				};
			};
			buildConfigurationList = 0365A6231AD6F00B005A4FFB /* Build configuration list for PBXProject "URI 1099" */;
			compatibilityVersion = "Xcode 3.2";
			developmentRegion = English;
			hasScannedForEncodings = 0;
			knownRegions = (
				en,
			);
			mainGroup = 0365A61F1AD6F00B005A4FFB;
			productRefGroup = 0365A6291AD6F00B005A4FFB /* Products */;
			projectDirPath = "";
			projectRoot = "";
			targets = (
				0365A6271AD6F00B005A4FFB /* URI 1099 */,
			);
		};
/* End PBXProject section */

/* Begin PBXSourcesBuildPhase section */
		0365A6241AD6F00B005A4FFB /* Sources */ = {
			isa = PBXSourcesBuildPhase;
			buildActionMask = 2147483647;
			files = (
				0365A62C1AD6F00B005A4FFB /* main.cpp in Sources */,
			);
			runOnlyForDeploymentPostprocessing = 0;
		};
/* End PBXSourcesBuildPhase section */

/* Begin XCBuildConfiguration section */
		0365A62D1AD6F00B005A4FFB /* Debug */ = {
			isa = XCBuildConfiguration;
			buildSettings = {
				ALWAYS_SEARCH_USER_PATHS = NO;
				CLANG_CXX_LANGUAGE_STANDARD = "gnu++0x";
				CLANG_CXX_LIBRARY = "libc++";
				CLANG_ENABLE_MODULES = YES;
				CLANG_ENABLE_OBJC_ARC = YES;
				CLANG_WARN_BOOL_CONVERSION = YES;
				CLANG_WARN_CONSTANT_CONVERSION = YES;
				CLANG_WARN_DIRECT_OBJC_ISA_USAGE = YES_ERROR;
				CLANG_WARN_EMPTY_BODY = YES;
				CLANG_WARN_ENUM_CONVERSION = YES;
				CLANG_WARN_INT_CONVERSION = YES;
				CLANG_WARN_OBJC_ROOT_CLASS = YES_ERROR;
				CLANG_WARN_UNREACHABLE_CODE = YES;
				CLANG_WARN__DUPLICATE_METHOD_MATCH = YES;
				COPY_PHASE_STRIP = NO;
				ENABLE_STRICT_OBJC_MSGSEND = YES;
				GCC_C_LANGUAGE_STANDARD = gnu99;
				GCC_DYNAMIC_NO_PIC = NO;
				GCC_OPTIMIZATION_LEVEL = 0;
				GCC_PREPROCESSOR_DEFINITIONS = (
					"DEBUG=1",
					"$(inherited)",
				);
				GCC_SYMBOLS_PRIVATE_EXTERN = NO;
				GCC_WARN_64_TO_32_BIT_CONVERSION = YES;
				GCC_WARN_ABOUT_RETURN_TYPE = YES_ERROR;
				GCC_WARN_UNDECLARED_SELECTOR = YES;
				GCC_WARN_UNINITIALIZED_AUTOS = YES_AGGRESSIVE;
				GCC_WARN_UNUSED_FUNCTION = YES;
				GCC_WARN_UNUSED_VARIABLE = YES;
				MACOSX_DEPLOYMENT_TARGET = 10.10;
				MTL_ENABLE_DEBUG_INFO = YES;
				ONLY_ACTIVE_ARCH = YES;
				SDKROOT = macosx;
			};
			name = Debug;
		};
		0365A62E1AD6F00B005A4FFB /* Release */ = {
			isa = XCBuildConfiguration;
			buildSettings = {
				ALWAYS_SEARCH_USER_PATHS = NO;
				CLANG_CXX_LANGUAGE_STANDARD = "gnu++0x";
				CLANG_CXX_LIBRARY = "libc++";
				CLANG_ENABLE_MODULES = YES;
				CLANG_ENABLE_OBJC_ARC = YES;
				CLANG_WARN_BOOL_CONVERSION = YES;
				CLANG_WARN_CONSTANT_CONVERSION = YES;
				CLANG_WARN_DIRECT_OBJC_ISA_USAGE = YES_ERROR;
				CLANG_WARN_EMPTY_BODY = YES;
				CLANG_WARN_ENUM_CONVERSION = YES;
				CLANG_WARN_INT_CONVERSION = YES;
				CLANG_WARN_OBJC_ROOT_CLASS = YES_ERROR;
				CLANG_WARN_UNREACHABLE_CODE = YES;
				CLANG_WARN__DUPLICATE_METHOD_MATCH = YES;
				COPY_PHASE_STRIP = YES;
				DEBUG_INFORMATION_FORMAT = "dwarf-with-dsym";
				ENABLE_NS_ASSERTIONS = NO;
				ENABLE_STRICT_OBJC_MSGSEND = YES;
				GCC_C_LANGUAGE_STANDARD = gnu99;
				GCC_WARN_64_TO_32_BIT_CONVERSION = YES;
				GCC_WARN_ABOUT_RETURN_TYPE = YES_ERROR;
				GCC_WARN_UNDECLARED_SELECTOR = YES;
				GCC_WARN_UNINITIALIZED_AUTOS = YES_AGGRESSIVE;
				GCC_WARN_UNUSED_FUNCTION = YES;
				GCC_WARN_UNUSED_VARIABLE = YES;
				MACOSX_DEPLOYMENT_TARGET = 10.10;
				MTL_ENABLE_DEBUG_INFO = NO;
				SDKROOT = macosx;
			};
			name = Release;
		};
		0365A6301AD6F00B005A4FFB /* Debug */ = {
			isa = XCBuildConfiguration;
			buildSettings = {
				PRODUCT_NAME = "$(TARGET_NAME)";
			};
			name = Debug;
		};
		0365A6311AD6F00B005A4FFB /* Release */ = {
			isa = XCBuildConfiguration;
			buildSettings = {
				PRODUCT_NAME = "$(TARGET_NAME)";
			};
			name = Release;
		};
/* End XCBuildConfiguration section */

/* Begin XCConfigurationList section */
		0365A6231AD6F00B005A4FFB /* Build configuration list for PBXProject "URI 1099" */ = {
			isa = XCConfigurationList;
			buildConfigurations = (
				0365A62D1AD6F00B005A4FFB /* Debug */,
				0365A62E1AD6F00B005A4FFB /* Release */,
			);
			defaultConfigurationIsVisible = 0;
			defaultConfigurationName = Release;
		};
		0365A62F1AD6F00B005A4FFB /* Build configuration list for PBXNativeTarget "URI 1099" */ = {
			isa = XCConfigurationList;
			buildConfigurations = (
				0365A6301AD6F00B005A4FFB /* Debug */,
				0365A6311AD6F00B005A4FFB /* Release */,
			);
			defaultConfigurationIsVisible = 0;
		};
/* End XCConfigurationList section */
	};
	rootObject = 0365A6201AD6F00B005A4FFB /* Project object */;
}
