
Microsoft Visual Studio Solution File, Format Version 12.00
# Visual Studio 14
VisualStudioVersion = 14.0.25420.1
MinimumVisualStudioVersion = 10.0.40219.1
Project("{FAE04EC0-301F-11D3-BF4B-00C04F79EFBC}") = "URI 1170", "URI 1170\URI 1170.csproj", "{FAD59C18-3005-4635-8907-A291B8477086}"
EndProject
Global
	GlobalSection(SolutionConfigurationPlatforms) = preSolution
		Debug|Any CPU = Debug|Any CPU
		Release|Any CPU = Release|Any CPU
	EndGlobalSection
	GlobalSection(ProjectConfigurationPlatforms) = postSolution
		{FAD59C18-3005-4635-8907-A291B8477086}.Debug|Any CPU.ActiveCfg = Debug|Any CPU
		{FAD59C18-3005-4635-8907-A291B8477086}.Debug|Any CPU.Build.0 = Debug|Any CPU
		{FAD59C18-3005-4635-8907-A291B8477086}.Release|Any CPU.ActiveCfg = Release|Any CPU
		{FAD59C18-3005-4635-8907-A291B8477086}.Release|Any CPU.Build.0 = Release|Any CPU
	EndGlobalSection
	GlobalSection(SolutionProperties) = preSolution
		HideSolutionNode = FALSE
	EndGlobalSection
EndGlobal
